
Microsoft Visual Studio Solution File, Format Version 12.00
# Visual Studio Version 17
VisualStudioVersion = 17.5.002.0
MinimumVisualStudioVersion = 10.0.40219.1
Project("{9A19103F-16F7-4668-BE54-9A1E7A4F7556}") = "evil_inc", "evil_inc.csproj", "{A743F576-B73B-4613-A065-270C50987E18}"
EndProject
Global
	GlobalSection(SolutionConfigurationPlatforms) = preSolution
		Debug|Any CPU = Debug|Any CPU
		Release|Any CPU = Release|Any CPU
	EndGlobalSection
	GlobalSection(ProjectConfigurationPlatforms) = postSolution
		{A743F576-B73B-4613-A065-270C50987E18}.Debug|Any CPU.ActiveCfg = Debug|Any CPU
		{A743F576-B73B-4613-A065-270C50987E18}.Debug|Any CPU.Build.0 = Debug|Any CPU
		{A743F576-B73B-4613-A065-270C50987E18}.Release|Any CPU.ActiveCfg = Release|Any CPU
		{A743F576-B73B-4613-A065-270C50987E18}.Release|Any CPU.Build.0 = Release|Any CPU
	EndGlobalSection
	GlobalSection(SolutionProperties) = preSolution
		HideSolutionNode = FALSE
	EndGlobalSection
	GlobalSection(ExtensibilityGlobals) = postSolution
		SolutionGuid = {893EABC2-EBF6-4BE0-BDEA-33446753BE9B}
	EndGlobalSection
EndGlobal
